// !$*UTF8*$!
{
	archiveVersion = 1;
	classes = {
	};
	objectVersion = 50;
	objects = {

/* Begin PBXBuildFile section */
		D95A900A260526D2004DE1D9 /* AppDelegate.swift in Sources */ = {isa = PBXBuildFile; fileRef = D95A9009260526D2004DE1D9 /* AppDelegate.swift */; };
		D95A900C260526D2004DE1D9 /* SceneDelegate.swift in Sources */ = {isa = PBXBuildFile; fileRef = D95A900B260526D2004DE1D9 /* SceneDelegate.swift */; };
		D95A9016260526D3004DE1D9 /* LaunchScreen.storyboard in Resources */ = {isa = PBXBuildFile; fileRef = D95A9014260526D3004DE1D9 /* LaunchScreen.storyboard */; };
		D95A902826052753004DE1D9 /* UIViewControllerExtension.swift in Sources */ = {isa = PBXBuildFile; fileRef = D95A902326052752004DE1D9 /* UIViewControllerExtension.swift */; };
		D95A902926052753004DE1D9 /* Constants.swift in Sources */ = {isa = PBXBuildFile; fileRef = D95A902526052752004DE1D9 /* Constants.swift */; };
		D95A902A26052753004DE1D9 /* HomeVC.swift in Sources */ = {isa = PBXBuildFile; fileRef = D95A902726052752004DE1D9 /* HomeVC.swift */; };
		D95A902E26052760004DE1D9 /* RushFloatingLableTextField.swift in Sources */ = {isa = PBXBuildFile; fileRef = D95A902D26052760004DE1D9 /* RushFloatingLableTextField.swift */; };
		D95A903626052A25004DE1D9 /* Assets.xcassets in Resources */ = {isa = PBXBuildFile; fileRef = D95A903526052A25004DE1D9 /* Assets.xcassets */; };
/* End PBXBuildFile section */

/* Begin PBXFileReference section */
		D95A9006260526D2004DE1D9 /* RushFloatingLableTextField.app */ = {isa = PBXFileReference; explicitFileType = wrapper.application; includeInIndex = 0; path = RushFloatingLableTextField.app; sourceTree = BUILT_PRODUCTS_DIR; };
		D95A9009260526D2004DE1D9 /* AppDelegate.swift */ = {isa = PBXFileReference; lastKnownFileType = sourcecode.swift; path = AppDelegate.swift; sourceTree = "<group>"; };
		D95A900B260526D2004DE1D9 /* SceneDelegate.swift */ = {isa = PBXFileReference; lastKnownFileType = sourcecode.swift; path = SceneDelegate.swift; sourceTree = "<group>"; };
		D95A9015260526D3004DE1D9 /* Base */ = {isa = PBXFileReference; lastKnownFileType = file.storyboard; name = Base; path = Base.lproj/LaunchScreen.storyboard; sourceTree = "<group>"; };
		D95A9017260526D3004DE1D9 /* Info.plist */ = {isa = PBXFileReference; lastKnownFileType = text.plist.xml; path = Info.plist; sourceTree = "<group>"; };
		D95A902326052752004DE1D9 /* UIViewControllerExtension.swift */ = {isa = PBXFileReference; fileEncoding = 4; lastKnownFileType = sourcecode.swift; path = UIViewControllerExtension.swift; sourceTree = "<group>"; };
		D95A902526052752004DE1D9 /* Constants.swift */ = {isa = PBXFileReference; fileEncoding = 4; lastKnownFileType = sourcecode.swift; path = Constants.swift; sourceTree = "<group>"; };
		D95A902726052752004DE1D9 /* HomeVC.swift */ = {isa = PBXFileReference; fileEncoding = 4; lastKnownFileType = sourcecode.swift; path = HomeVC.swift; sourceTree = "<group>"; };
		D95A902D26052760004DE1D9 /* RushFloatingLableTextField.swift */ = {isa = PBXFileReference; fileEncoding = 4; lastKnownFileType = sourcecode.swift; path = RushFloatingLableTextField.swift; sourceTree = "<group>"; };
		D95A903526052A25004DE1D9 /* Assets.xcassets */ = {isa = PBXFileReference; lastKnownFileType = folder.assetcatalog; path = Assets.xcassets; sourceTree = "<group>"; };
/* End PBXFileReference section */

/* Begin PBXFrameworksBuildPhase section */
		D95A9003260526D2004DE1D9 /* Frameworks */ = {
			isa = PBXFrameworksBuildPhase;
			buildActionMask = 2147483647;
			files = (
			);
			runOnlyForDeploymentPostprocessing = 0;
		};
/* End PBXFrameworksBuildPhase section */

/* Begin PBXGroup section */
		D95A8FFD260526D2004DE1D9 = {
			isa = PBXGroup;
			children = (
				D95A9008260526D2004DE1D9 /* RushFloatingLableTextField */,
				D95A9007260526D2004DE1D9 /* Products */,
			);
			sourceTree = "<group>";
		};
		D95A9007260526D2004DE1D9 /* Products */ = {
			isa = PBXGroup;
			children = (
				D95A9006260526D2004DE1D9 /* RushFloatingLableTextField.app */,
			);
			name = Products;
			sourceTree = "<group>";
		};
		D95A9008260526D2004DE1D9 /* RushFloatingLableTextField */ = {
			isa = PBXGroup;
			children = (
				D95A903026052766004DE1D9 /* Resources */,
				D95A902C26052760004DE1D9 /* RushFloatingLableTextField */,
				D95A902626052752004DE1D9 /* ViewControllers */,
				D95A902226052752004DE1D9 /* Extensions */,
				D95A902426052752004DE1D9 /* Helpers */,
				D95A9014260526D3004DE1D9 /* LaunchScreen.storyboard */,
				D95A903526052A25004DE1D9 /* Assets.xcassets */,
				D95A9017260526D3004DE1D9 /* Info.plist */,
			);
			path = RushFloatingLableTextField;
			sourceTree = "<group>";
		};
		D95A902226052752004DE1D9 /* Extensions */ = {
			isa = PBXGroup;
			children = (
				D95A902326052752004DE1D9 /* UIViewControllerExtension.swift */,
			);
			path = Extensions;
			sourceTree = "<group>";
		};
		D95A902426052752004DE1D9 /* Helpers */ = {
			isa = PBXGroup;
			children = (
				D95A902526052752004DE1D9 /* Constants.swift */,
			);
			path = Helpers;
			sourceTree = "<group>";
		};
		D95A902626052752004DE1D9 /* ViewControllers */ = {
			isa = PBXGroup;
			children = (
				D95A902726052752004DE1D9 /* HomeVC.swift */,
			);
			path = ViewControllers;
			sourceTree = "<group>";
		};
		D95A902C26052760004DE1D9 /* RushFloatingLableTextField */ = {
			isa = PBXGroup;
			children = (
				D95A902D26052760004DE1D9 /* RushFloatingLableTextField.swift */,
			);
			path = RushFloatingLableTextField;
			sourceTree = "<group>";
		};
		D95A903026052766004DE1D9 /* Resources */ = {
			isa = PBXGroup;
			children = (
				D95A9009260526D2004DE1D9 /* AppDelegate.swift */,
				D95A900B260526D2004DE1D9 /* SceneDelegate.swift */,
			);
			path = Resources;
			sourceTree = "<group>";
		};
/* End PBXGroup section */

/* Begin PBXNativeTarget section */
		D95A9005260526D2004DE1D9 /* RushFloatingLableTextField */ = {
			isa = PBXNativeTarget;
			buildConfigurationList = D95A901A260526D3004DE1D9 /* Build configuration list for PBXNativeTarget "RushFloatingLableTextField" */;
			buildPhases = (
				D95A9002260526D2004DE1D9 /* Sources */,
				D95A9003260526D2004DE1D9 /* Frameworks */,
				D95A9004260526D2004DE1D9 /* Resources */,
			);
			buildRules = (
			);
			dependencies = (
			);
			name = RushFloatingLableTextField;
			productName = RushFloatingLableTextField;
			productReference = D95A9006260526D2004DE1D9 /* RushFloatingLableTextField.app */;
			productType = "com.apple.product-type.application";
		};
/* End PBXNativeTarget section */

/* Begin PBXProject section */
		D95A8FFE260526D2004DE1D9 /* Project object */ = {
			isa = PBXProject;
			attributes = {
				LastSwiftUpdateCheck = 1220;
				LastUpgradeCheck = 1220;
				TargetAttributes = {
					D95A9005260526D2004DE1D9 = {
						CreatedOnToolsVersion = 12.2;
					};
				};
			};
			buildConfigurationList = D95A9001260526D2004DE1D9 /* Build configuration list for PBXProject "RushFloatingLableTextField" */;
			compatibilityVersion = "Xcode 9.3";
			developmentRegion = en;
			hasScannedForEncodings = 0;
			knownRegions = (
				en,
				Base,
			);
			mainGroup = D95A8FFD260526D2004DE1D9;
			productRefGroup = D95A9007260526D2004DE1D9 /* Products */;
			projectDirPath = "";
			projectRoot = "";
			targets = (
				D95A9005260526D2004DE1D9 /* RushFloatingLableTextField */,
			);
		};
/* End PBXProject section */

/* Begin PBXResourcesBuildPhase section */
		D95A9004260526D2004DE1D9 /* Resources */ = {
			isa = PBXResourcesBuildPhase;
			buildActionMask = 2147483647;
			files = (
				D95A903626052A25004DE1D9 /* Assets.xcassets in Resources */,
				D95A9016260526D3004DE1D9 /* LaunchScreen.storyboard in Resources */,
			);
			runOnlyForDeploymentPostprocessing = 0;
		};
/* End PBXResourcesBuildPhase section */

/* Begin PBXSourcesBuildPhase section */
		D95A9002260526D2004DE1D9 /* Sources */ = {
			isa = PBXSourcesBuildPhase;
			buildActionMask = 2147483647;
			files = (
				D95A900A260526D2004DE1D9 /* AppDelegate.swift in Sources */,
				D95A902A26052753004DE1D9 /* HomeVC.swift in Sources */,
				D95A900C260526D2004DE1D9 /* SceneDelegate.swift in Sources */,
				D95A902826052753004DE1D9 /* UIViewControllerExtension.swift in Sources */,
				D95A902E26052760004DE1D9 /* RushFloatingLableTextField.swift in Sources */,
				D95A902926052753004DE1D9 /* Constants.swift in Sources */,
			);
			runOnlyForDeploymentPostprocessing = 0;
		};
/* End PBXSourcesBuildPhase section */

/* Begin PBXVariantGroup section */
		D95A9014260526D3004DE1D9 /* LaunchScreen.storyboard */ = {
			isa = PBXVariantGroup;
			children = (
				D95A9015260526D3004DE1D9 /* Base */,
			);
			name = LaunchScreen.storyboard;
			sourceTree = "<group>";
		};
/* End PBXVariantGroup section */

/* Begin XCBuildConfiguration section */
		D95A9018260526D3004DE1D9 /* Debug */ = {
			isa = XCBuildConfiguration;
			buildSettings = {
				ALWAYS_SEARCH_USER_PATHS = NO;
				CLANG_ANALYZER_NONNULL = YES;
				CLANG_ANALYZER_NUMBER_OBJECT_CONVERSION = YES_AGGRESSIVE;
				CLANG_CXX_LANGUAGE_STANDARD = "gnu++14";
				CLANG_CXX_LIBRARY = "libc++";
				CLANG_ENABLE_MODULES = YES;
				CLANG_ENABLE_OBJC_ARC = YES;
				CLANG_ENABLE_OBJC_WEAK = YES;
				CLANG_WARN_BLOCK_CAPTURE_AUTORELEASING = YES;
				CLANG_WARN_BOOL_CONVERSION = YES;
				CLANG_WARN_COMMA = YES;
				CLANG_WARN_CONSTANT_CONVERSION = YES;
				CLANG_WARN_DEPRECATED_OBJC_IMPLEMENTATIONS = YES;
				CLANG_WARN_DIRECT_OBJC_ISA_USAGE = YES_ERROR;
				CLANG_WARN_DOCUMENTATION_COMMENTS = YES;
				CLANG_WARN_EMPTY_BODY = YES;
				CLANG_WARN_ENUM_CONVERSION = YES;
				CLANG_WARN_INFINITE_RECURSION = YES;
				CLANG_WARN_INT_CONVERSION = YES;
				CLANG_WARN_NON_LITERAL_NULL_CONVERSION = YES;
				CLANG_WARN_OBJC_IMPLICIT_RETAIN_SELF = YES;
				CLANG_WARN_OBJC_LITERAL_CONVERSION = YES;
				CLANG_WARN_OBJC_ROOT_CLASS = YES_ERROR;
				CLANG_WARN_QUOTED_INCLUDE_IN_FRAMEWORK_HEADER = YES;
				CLANG_WARN_RANGE_LOOP_ANALYSIS = YES;
				CLANG_WARN_STRICT_PROTOTYPES = YES;
				CLANG_WARN_SUSPICIOUS_MOVE = YES;
				CLANG_WARN_UNGUARDED_AVAILABILITY = YES_AGGRESSIVE;
				CLANG_WARN_UNREACHABLE_CODE = YES;
				CLANG_WARN__DUPLICATE_METHOD_MATCH = YES;
				COPY_PHASE_STRIP = NO;
				DEBUG_INFORMATION_FORMAT = dwarf;
				ENABLE_STRICT_OBJC_MSGSEND = YES;
				ENABLE_TESTABILITY = YES;
				GCC_C_LANGUAGE_STANDARD = gnu11;
				GCC_DYNAMIC_NO_PIC = NO;
				GCC_NO_COMMON_BLOCKS = YES;
				GCC_OPTIMIZATION_LEVEL = 0;
				GCC_PREPROCESSOR_DEFINITIONS = (
					"DEBUG=1",
					"$(inherited)",
				);
				GCC_WARN_64_TO_32_BIT_CONVERSION = YES;
				GCC_WARN_ABOUT_RETURN_TYPE = YES_ERROR;
				GCC_WARN_UNDECLARED_SELECTOR = YES;
				GCC_WARN_UNINITIALIZED_AUTOS = YES_AGGRESSIVE;
				GCC_WARN_UNUSED_FUNCTION = YES;
				GCC_WARN_UNUSED_VARIABLE = YES;
				IPHONEOS_DEPLOYMENT_TARGET = 14.2;
				MTL_ENABLE_DEBUG_INFO = INCLUDE_SOURCE;
				MTL_FAST_MATH = YES;
				ONLY_ACTIVE_ARCH = YES;
				SDKROOT = iphoneos;
				SWIFT_ACTIVE_COMPILATION_CONDITIONS = DEBUG;
				SWIFT_OPTIMIZATION_LEVEL = "-Onone";
			};
			name = Debug;
		};
		D95A9019260526D3004DE1D9 /* Release */ = {
			isa = XCBuildConfiguration;
			buildSettings = {
				ALWAYS_SEARCH_USER_PATHS = NO;
				CLANG_ANALYZER_NONNULL = YES;
				CLANG_ANALYZER_NUMBER_OBJECT_CONVERSION = YES_AGGRESSIVE;
				CLANG_CXX_LANGUAGE_STANDARD = "gnu++14";
				CLANG_CXX_LIBRARY = "libc++";
				CLANG_ENABLE_MODULES = YES;
				CLANG_ENABLE_OBJC_ARC = YES;
				CLANG_ENABLE_OBJC_WEAK = YES;
				CLANG_WARN_BLOCK_CAPTURE_AUTORELEASING = YES;
				CLANG_WARN_BOOL_CONVERSION = YES;
				CLANG_WARN_COMMA = YES;
				CLANG_WARN_CONSTANT_CONVERSION = YES;
				CLANG_WARN_DEPRECATED_OBJC_IMPLEMENTATIONS = YES;
				CLANG_WARN_DIRECT_OBJC_ISA_USAGE = YES_ERROR;
				CLANG_WARN_DOCUMENTATION_COMMENTS = YES;
				CLANG_WARN_EMPTY_BODY = YES;
				CLANG_WARN_ENUM_CONVERSION = YES;
				CLANG_WARN_INFINITE_RECURSION = YES;
				CLANG_WARN_INT_CONVERSION = YES;
				CLANG_WARN_NON_LITERAL_NULL_CONVERSION = YES;
				CLANG_WARN_OBJC_IMPLICIT_RETAIN_SELF = YES;
				CLANG_WARN_OBJC_LITERAL_CONVERSION = YES;
				CLANG_WARN_OBJC_ROOT_CLASS = YES_ERROR;
				CLANG_WARN_QUOTED_INCLUDE_IN_FRAMEWORK_HEADER = YES;
				CLANG_WARN_RANGE_LOOP_ANALYSIS = YES;
				CLANG_WARN_STRICT_PROTOTYPES = YES;
				CLANG_WARN_SUSPICIOUS_MOVE = YES;
				CLANG_WARN_UNGUARDED_AVAILABILITY = YES_AGGRESSIVE;
				CLANG_WARN_UNREACHABLE_CODE = YES;
				CLANG_WARN__DUPLICATE_METHOD_MATCH = YES;
				COPY_PHASE_STRIP = NO;
				DEBUG_INFORMATION_FORMAT = "dwarf-with-dsym";
				ENABLE_NS_ASSERTIONS = NO;
				ENABLE_STRICT_OBJC_MSGSEND = YES;
				GCC_C_LANGUAGE_STANDARD = gnu11;
				GCC_NO_COMMON_BLOCKS = YES;
				GCC_WARN_64_TO_32_BIT_CONVERSION = YES;
				GCC_WARN_ABOUT_RETURN_TYPE = YES_ERROR;
				GCC_WARN_UNDECLARED_SELECTOR = YES;
				GCC_WARN_UNINITIALIZED_AUTOS = YES_AGGRESSIVE;
				GCC_WARN_UNUSED_FUNCTION = YES;
				GCC_WARN_UNUSED_VARIABLE = YES;
				IPHONEOS_DEPLOYMENT_TARGET = 14.2;
				MTL_ENABLE_DEBUG_INFO = NO;
				MTL_FAST_MATH = YES;
				SDKROOT = iphoneos;
				SWIFT_COMPILATION_MODE = wholemodule;
				SWIFT_OPTIMIZATION_LEVEL = "-O";
				VALIDATE_PRODUCT = YES;
			};
			name = Release;
		};
		D95A901B260526D3004DE1D9 /* Debug */ = {
			isa = XCBuildConfiguration;
			buildSettings = {
				ASSETCATALOG_COMPILER_APPICON_NAME = AppIcon;
				ASSETCATALOG_COMPILER_GLOBAL_ACCENT_COLOR_NAME = AccentColor;
				CODE_SIGN_STYLE = Automatic;
				DEVELOPMENT_TEAM = PE88YGMV2H;
				INFOPLIST_FILE = RushFloatingLableTextField/Info.plist;
				IPHONEOS_DEPLOYMENT_TARGET = 13.0;
				LD_RUNPATH_SEARCH_PATHS = (
					"$(inherited)",
					"@executable_path/Frameworks",
				);
				PRODUCT_BUNDLE_IDENTIFIER = com.Elkhateeb.RushFloatingLableTextField;
				PRODUCT_NAME = "$(TARGET_NAME)";
				SWIFT_VERSION = 5.0;
				TARGETED_DEVICE_FAMILY = 1;
			};
			name = Debug;
		};
		D95A901C260526D3004DE1D9 /* Release */ = {
			isa = XCBuildConfiguration;
			buildSettings = {
				ASSETCATALOG_COMPILER_APPICON_NAME = AppIcon;
				ASSETCATALOG_COMPILER_GLOBAL_ACCENT_COLOR_NAME = AccentColor;
				CODE_SIGN_STYLE = Automatic;
				DEVELOPMENT_TEAM = PE88YGMV2H;
				INFOPLIST_FILE = RushFloatingLableTextField/Info.plist;
				IPHONEOS_DEPLOYMENT_TARGET = 13.0;
				LD_RUNPATH_SEARCH_PATHS = (
					"$(inherited)",
					"@executable_path/Frameworks",
				);
				PRODUCT_BUNDLE_IDENTIFIER = com.Elkhateeb.RushFloatingLableTextField;
				PRODUCT_NAME = "$(TARGET_NAME)";
				SWIFT_VERSION = 5.0;
				TARGETED_DEVICE_FAMILY = 1;
			};
			name = Release;
		};
/* End XCBuildConfiguration section */

/* Begin XCConfigurationList section */
		D95A9001260526D2004DE1D9 /* Build configuration list for PBXProject "RushFloatingLableTextField" */ = {
			isa = XCConfigurationList;
			buildConfigurations = (
				D95A9018260526D3004DE1D9 /* Debug */,
				D95A9019260526D3004DE1D9 /* Release */,
			);
			defaultConfigurationIsVisible = 0;
			defaultConfigurationName = Release;
		};
		D95A901A260526D3004DE1D9 /* Build configuration list for PBXNativeTarget "RushFloatingLableTextField" */ = {
			isa = XCConfigurationList;
			buildConfigurations = (
				D95A901B260526D3004DE1D9 /* Debug */,
				D95A901C260526D3004DE1D9 /* Release */,
			);
			defaultConfigurationIsVisible = 0;
			defaultConfigurationName = Release;
		};
/* End XCConfigurationList section */
	};
	rootObject = D95A8FFE260526D2004DE1D9 /* Project object */;
}
